
Microsoft Visual Studio Solution File, Format Version 12.00
# Visual Studio Version 17
VisualStudioVersion = 17.9.34728.123
MinimumVisualStudioVersion = 10.0.40219.1
Project("{FAE04EC0-301F-11D3-BF4B-00C04F79EFBC}") = "AESFileEncryptor1", "AESFileEncryptor1.csproj", "{2417D66D-2348-4815-BC01-68B084C7F265}"
EndProject
Global
	GlobalSection(SolutionConfigurationPlatforms) = preSolution
		Debug|Any CPU = Debug|Any CPU
		Release|Any CPU = Release|Any CPU
	EndGlobalSection
	GlobalSection(ProjectConfigurationPlatforms) = postSolution
		{2417D66D-2348-4815-BC01-68B084C7F265}.Debug|Any CPU.ActiveCfg = Debug|Any CPU
		{2417D66D-2348-4815-BC01-68B084C7F265}.Debug|Any CPU.Build.0 = Debug|Any CPU
		{2417D66D-2348-4815-BC01-68B084C7F265}.Release|Any CPU.ActiveCfg = Release|Any CPU
		{2417D66D-2348-4815-BC01-68B084C7F265}.Release|Any CPU.Build.0 = Release|Any CPU
	EndGlobalSection
	GlobalSection(SolutionProperties) = preSolution
		HideSolutionNode = FALSE
	EndGlobalSection
	GlobalSection(ExtensibilityGlobals) = postSolution
		SolutionGuid = {BD35609E-7B48-4B9C-A1F6-8E3A1C60F96A}
	EndGlobalSection
EndGlobal
